Microsoft Visual Studio Solution File, Format Version 11.00
# Visual Studio 2008

Project("{39991AC7-534B-1997-E3C3-E82D99D372EA}") = "Yama_Rhythm_ver10", "Assembly-CSharp-firstpass.csproj", "{D7052134-9BA1-FF9F-EC4B-E32962DB64A1}"
EndProject
Project("{39991AC7-534B-1997-E3C3-E82D99D372EA}") = "Yama_Rhythm_ver10", "Assembly-CSharp.csproj", "{C9F586A6-ECF5-A1AC-2A7E-FD30B37C4A17}"
EndProject
Project("{39991AC7-534B-1997-E3C3-E82D99D372EA}") = "Yama_Rhythm_ver10", "Assembly-CSharp-Editor.csproj", "{0F546B9B-489C-DDBF-3EA1-B2CDFE85A4D0}"
EndProject
Project("{39991AC7-534B-1997-E3C3-E82D99D372EA}") = "Yama_Rhythm_ver10", "Assembly-UnityScript.unityproj", "{89672C95-1627-C3E2-30D5-4C25BDE744E2}"
EndProject
Global
	GlobalSection(SolutionConfigurationPlatforms) = preSolution
		Debug|Any CPU = Debug|Any CPU
		Release|Any CPU = Release|Any CPU
	EndGlobalSection
	GlobalSection(ProjectConfigurationPlatforms) = postSolution
		{D7052134-9BA1-FF9F-EC4B-E32962DB64A1}.Debug|Any CPU.ActiveCfg = Debug|Any CPU
		{D7052134-9BA1-FF9F-EC4B-E32962DB64A1}.Debug|Any CPU.Build.0 = Debug|Any CPU
		{D7052134-9BA1-FF9F-EC4B-E32962DB64A1}.Release|Any CPU.ActiveCfg = Release|Any CPU
		{D7052134-9BA1-FF9F-EC4B-E32962DB64A1}.Release|Any CPU.Build.0 = Release|Any CPU
		{C9F586A6-ECF5-A1AC-2A7E-FD30B37C4A17}.Debug|Any CPU.ActiveCfg = Debug|Any CPU
		{C9F586A6-ECF5-A1AC-2A7E-FD30B37C4A17}.Debug|Any CPU.Build.0 = Debug|Any CPU
		{C9F586A6-ECF5-A1AC-2A7E-FD30B37C4A17}.Release|Any CPU.ActiveCfg = Release|Any CPU
		{C9F586A6-ECF5-A1AC-2A7E-FD30B37C4A17}.Release|Any CPU.Build.0 = Release|Any CPU
		{0F546B9B-489C-DDBF-3EA1-B2CDFE85A4D0}.Debug|Any CPU.ActiveCfg = Debug|Any CPU
		{0F546B9B-489C-DDBF-3EA1-B2CDFE85A4D0}.Debug|Any CPU.Build.0 = Debug|Any CPU
		{0F546B9B-489C-DDBF-3EA1-B2CDFE85A4D0}.Release|Any CPU.ActiveCfg = Release|Any CPU
		{0F546B9B-489C-DDBF-3EA1-B2CDFE85A4D0}.Release|Any CPU.Build.0 = Release|Any CPU
		{89672C95-1627-C3E2-30D5-4C25BDE744E2}.Debug|Any CPU.ActiveCfg = Debug|Any CPU
		{89672C95-1627-C3E2-30D5-4C25BDE744E2}.Debug|Any CPU.Build.0 = Debug|Any CPU
		{89672C95-1627-C3E2-30D5-4C25BDE744E2}.Release|Any CPU.ActiveCfg = Release|Any CPU
		{89672C95-1627-C3E2-30D5-4C25BDE744E2}.Release|Any CPU.Build.0 = Release|Any CPU
	EndGlobalSection
	GlobalSection(SolutionProperties) = preSolution
		HideSolutionNode = FALSE
	EndGlobalSection
	GlobalSection(MonoDevelopProperties) = preSolution
		StartupItem = Assembly-CSharp.csproj
	EndGlobalSection
EndGlobal
